
Microsoft Visual Studio Solution File, Format Version 12.00
# Visual Studio Version 17
VisualStudioVersion = 17.0.31903.59
MinimumVisualStudioVersion = 10.0.40219.1
Project("{FAE04EC0-301F-11D3-BF4B-00C04F79EFBC}") = "coinbase_bot", "coinbase_bot.csproj", "{613D7F24-0A38-41D6-9413-74C031EDF68C}"
EndProject
Global
	GlobalSection(SolutionConfigurationPlatforms) = preSolution
		Debug|Any CPU = Debug|Any CPU
		Release|Any CPU = Release|Any CPU
	EndGlobalSection
	GlobalSection(SolutionProperties) = preSolution
		HideSolutionNode = FALSE
	EndGlobalSection
	GlobalSection(ProjectConfigurationPlatforms) = postSolution
		{613D7F24-0A38-41D6-9413-74C031EDF68C}.Debug|Any CPU.ActiveCfg = Debug|Any CPU
		{613D7F24-0A38-41D6-9413-74C031EDF68C}.Debug|Any CPU.Build.0 = Debug|Any CPU
		{613D7F24-0A38-41D6-9413-74C031EDF68C}.Release|Any CPU.ActiveCfg = Release|Any CPU
		{613D7F24-0A38-41D6-9413-74C031EDF68C}.Release|Any CPU.Build.0 = Release|Any CPU
	EndGlobalSection
EndGlobal
